
Microsoft Visual Studio Solution File, Format Version 12.00
# Visual Studio Version 16
VisualStudioVersion = 16.0.30611.23
MinimumVisualStudioVersion = 10.0.40219.1
Project("{FAE04EC0-301F-11D3-BF4B-00C04F79EFBC}") = "ComputerProgrammingLab1", "ComputerProgrammingLab1\ComputerProgrammingLab1.csproj", "{76143BEF-7EC7-4BA0-AA91-24F0E4800187}"
EndProject
Global
	GlobalSection(SolutionConfigurationPlatforms) = preSolution
		Debug|Any CPU = Debug|Any CPU
		Release|Any CPU = Release|Any CPU
	EndGlobalSection
	GlobalSection(ProjectConfigurationPlatforms) = postSolution
		{76143BEF-7EC7-4BA0-AA91-24F0E4800187}.Debug|Any CPU.ActiveCfg = Debug|Any CPU
		{76143BEF-7EC7-4BA0-AA91-24F0E4800187}.Debug|Any CPU.Build.0 = Debug|Any CPU
		{76143BEF-7EC7-4BA0-AA91-24F0E4800187}.Release|Any CPU.ActiveCfg = Release|Any CPU
		{76143BEF-7EC7-4BA0-AA91-24F0E4800187}.Release|Any CPU.Build.0 = Release|Any CPU
	EndGlobalSection
	GlobalSection(SolutionProperties) = preSolution
		HideSolutionNode = FALSE
	EndGlobalSection
	GlobalSection(ExtensibilityGlobals) = postSolution
		SolutionGuid = {84CC72E2-98E2-45DF-A1D4-80FEBE2A8536}
	EndGlobalSection
EndGlobal
